
Microsoft Visual Studio Solution File, Format Version 12.00
# Visual Studio Version 17
VisualStudioVersion = 17.14.37301.10 d17.14
MinimumVisualStudioVersion = 10.0.40219.1
Project("{888888A0-9F3D-457C-B088-3A5042F75D52}") = "PyVA", "PyVA.pyproj", "{F05911D4-F761-44E8-AE64-D56FE7AE5B91}"
EndProject
Global
	GlobalSection(SolutionConfigurationPlatforms) = preSolution
		Debug|Any CPU = Debug|Any CPU
		Release|Any CPU = Release|Any CPU
	EndGlobalSection
	GlobalSection(ProjectConfigurationPlatforms) = postSolution
		{F05911D4-F761-44E8-AE64-D56FE7AE5B91}.Debug|Any CPU.ActiveCfg = Debug|Any CPU
		{F05911D4-F761-44E8-AE64-D56FE7AE5B91}.Release|Any CPU.ActiveCfg = Release|Any CPU
	EndGlobalSection
	GlobalSection(SolutionProperties) = preSolution
		HideSolutionNode = FALSE
	EndGlobalSection
	GlobalSection(ExtensibilityGlobals) = postSolution
		SolutionGuid = {6C9639AD-FE9C-4C81-8410-E5E462AA1197}
	EndGlobalSection
EndGlobal
